lockfileVersion: '9.0'

settings:
  autoInstallPeers: true
  excludeLinksFromLockfile: false

importers:

  .:
    devDependencies:
      prettier:
        specifier: ^3.5.3
        version: 3.5.3
      turbo:
        specifier: ^2.4.4
        version: 2.4.4
      typescript:
        specifier: 5.8.2
        version: 5.8.2

  packages/monorepo-package-manager:
    dependencies:
      '@clack/prompts':
        specifier: ^0.10.0
        version: 0.10.0
      commander:
        specifier: ^13.1.0
        version: 13.1.0
      picocolors:
        specifier: ^1.1.1
        version: 1.1.1
      simple-git:
        specifier: ^3.27.0
        version: 3.27.0
      update-notifier:
        specifier: ^7.3.1
        version: 7.3.1
    devDependencies:
      '@rollup/plugin-commonjs':
        specifier: ^28.0.3
        version: 28.0.3(rollup@4.36.0)
      '@rollup/plugin-node-resolve':
        specifier: ^16.0.1
        version: 16.0.1(rollup@4.36.0)
      '@rollup/plugin-typescript':
        specifier: ^12.1.2
        version: 12.1.2(rollup@4.36.0)(tslib@2.8.1)(typescript@5.8.2)
      '@types/node':
        specifier: ^22.13.10
        version: 22.13.10
      rollup:
        specifier: ^4.36.0
        version: 4.36.0
      rollup-plugin-dts:
        specifier: ^6.2.0
        version: 6.2.0(rollup@4.36.0)(typescript@5.8.2)
      tslib:
        specifier: ^2.8.1
        version: 2.8.1
      typescript:
        specifier: 5.8.2
        version: 5.8.2

packages:

  '@babel/code-frame@7.26.2':
    resolution: {integrity: sha512-RJlIHRueQgwWitWgF8OdFYGZX328Ax5BCemNGlqHfplnRT9ESi8JkFlvaVYbS+UubVY6dpv87Fs2u5M29iNFVQ==}
    engines: {node: '>=6.9.0'}

  '@babel/helper-validator-identifier@7.25.9':
    resolution: {integrity: sha512-Ed61U6XJc3CVRfkERJWDz4dJwKe7iLmmJsbOGu9wSloNSFttHV0I8g6UAgb7qnK5ly5bGLPd4oXZlxCdANBOWQ==}
    engines: {node: '>=6.9.0'}

  '@clack/core@0.4.1':
    resolution: {integrity: sha512-Pxhij4UXg8KSr7rPek6Zowm+5M22rbd2g1nfojHJkxp5YkFqiZ2+YLEM/XGVIzvGOcM0nqjIFxrpDwWRZYWYjA==}

  '@clack/prompts@0.10.0':
    resolution: {integrity: sha512-H3rCl6CwW1NdQt9rE3n373t7o5cthPv7yUoxF2ytZvyvlJv89C5RYMJu83Hed8ODgys5vpBU0GKxIRG83jd8NQ==}

  '@jridgewell/sourcemap-codec@1.5.0':
    resolution: {integrity: sha512-gv3ZRaISU3fjPAgNsriBRqGWQL6quFx04YMPW/zD8XMLsU32mhCCbfbO6KZFLjvYpCZ8zyDEgqsgf+PwPaM7GQ==}

  '@kwsites/file-exists@1.1.1':
    resolution: {integrity: sha512-m9/5YGR18lIwxSFDwfE3oA7bWuq9kdau6ugN4H2rJeyhFQZcG9AgSHkQtSD15a8WvTgfz9aikZMrKPHvbpqFiw==}

  '@kwsites/promise-deferred@1.1.1':
    resolution: {integrity: sha512-GaHYm+c0O9MjZRu0ongGBRbinu8gVAMd2UZjji6jVmqKtZluZnptXGWhz1E8j8D2HJ3f/yMxKAUC0b+57wncIw==}

  '@pnpm/config.env-replace@1.1.0':
    resolution: {integrity: sha512-htyl8TWnKL7K/ESFa1oW2UB5lVDxuF5DpM7tBi6Hu2LNL3mWkIzNLG6N4zoCUP1lCKNxWy/3iu8mS8MvToGd6w==}
    engines: {node: '>=12.22.0'}

  '@pnpm/network.ca-file@1.0.2':
    resolution: {integrity: sha512-YcPQ8a0jwYU9bTdJDpXjMi7Brhkr1mXsXrUJvjqM2mQDgkRiz8jFaQGOdaLxgjtUfQgZhKy/O3cG/YwmgKaxLA==}
    engines: {node: '>=12.22.0'}

  '@pnpm/npm-conf@2.3.1':
    resolution: {integrity: sha512-c83qWb22rNRuB0UaVCI0uRPNRr8Z0FWnEIvT47jiHAmOIUHbBOg5XvV7pM5x+rKn9HRpjxquDbXYSXr3fAKFcw==}
    engines: {node: '>=12'}

  '@rollup/plugin-commonjs@28.0.3':
    resolution: {integrity: sha512-pyltgilam1QPdn+Zd9gaCfOLcnjMEJ9gV+bTw6/r73INdvzf1ah9zLIJBm+kW7R6IUFIQ1YO+VqZtYxZNWFPEQ==}
    engines: {node: '>=16.0.0 || 14 >= 14.17'}
    peerDependencies:
      rollup: ^2.68.0||^3.0.0||^4.0.0
    peerDependenciesMeta:
      rollup:
        optional: true

  '@rollup/plugin-node-resolve@16.0.1':
    resolution: {integrity: sha512-tk5YCxJWIG81umIvNkSod2qK5KyQW19qcBF/B78n1bjtOON6gzKoVeSzAE8yHCZEDmqkHKkxplExA8KzdJLJpA==}
    engines: {node: '>=14.0.0'}
    peerDependencies:
      rollup: ^2.78.0||^3.0.0||^4.0.0
    peerDependenciesMeta:
      rollup:
        optional: true

  '@rollup/plugin-typescript@12.1.2':
    resolution: {integrity: sha512-cdtSp154H5sv637uMr1a8OTWB0L1SWDSm1rDGiyfcGcvQ6cuTs4MDk2BVEBGysUWago4OJN4EQZqOTl/QY3Jgg==}
    engines: {node: '>=14.0.0'}
    peerDependencies:
      rollup: ^2.14.0||^3.0.0||^4.0.0
      tslib: '*'
      typescript: '>=3.7.0'
    peerDependenciesMeta:
      rollup:
        optional: true
      tslib:
        optional: true

  '@rollup/pluginutils@5.1.4':
    resolution: {integrity: sha512-USm05zrsFxYLPdWWq+K3STlWiT/3ELn3RcV5hJMghpeAIhxfsUIg6mt12CBJBInWMV4VneoV7SfGv8xIwo2qNQ==}
    engines: {node: '>=14.0.0'}
    peerDependencies:
      rollup: ^1.20.0||^2.0.0||^3.0.0||^4.0.0
    peerDependenciesMeta:
      rollup:
        optional: true

  '@rollup/rollup-android-arm-eabi@4.36.0':
    resolution: {integrity: sha512-jgrXjjcEwN6XpZXL0HUeOVGfjXhPyxAbbhD0BlXUB+abTOpbPiN5Wb3kOT7yb+uEtATNYF5x5gIfwutmuBA26w==}
    cpu: [arm]
    os: [android]

  '@rollup/rollup-android-arm64@4.36.0':
    resolution: {integrity: sha512-NyfuLvdPdNUfUNeYKUwPwKsE5SXa2J6bCt2LdB/N+AxShnkpiczi3tcLJrm5mA+eqpy0HmaIY9F6XCa32N5yzg==}
    cpu: [arm64]
    os: [android]

  '@rollup/rollup-darwin-arm64@4.36.0':
    resolution: {integrity: sha512-JQ1Jk5G4bGrD4pWJQzWsD8I1n1mgPXq33+/vP4sk8j/z/C2siRuxZtaUA7yMTf71TCZTZl/4e1bfzwUmFb3+rw==}
    cpu: [arm64]
    os: [darwin]

  '@rollup/rollup-darwin-x64@4.36.0':
    resolution: {integrity: sha512-6c6wMZa1lrtiRsbDziCmjE53YbTkxMYhhnWnSW8R/yqsM7a6mSJ3uAVT0t8Y/DGt7gxUWYuFM4bwWk9XCJrFKA==}
    cpu: [x64]
    os: [darwin]

  '@rollup/rollup-freebsd-arm64@4.36.0':
    resolution: {integrity: sha512-KXVsijKeJXOl8QzXTsA+sHVDsFOmMCdBRgFmBb+mfEb/7geR7+C8ypAml4fquUt14ZyVXaw2o1FWhqAfOvA4sg==}
    cpu: [arm64]
    os: [freebsd]

  '@rollup/rollup-freebsd-x64@4.36.0':
    resolution: {integrity: sha512-dVeWq1ebbvByI+ndz4IJcD4a09RJgRYmLccwlQ8bPd4olz3Y213uf1iwvc7ZaxNn2ab7bjc08PrtBgMu6nb4pQ==}
    cpu: [x64]
    os: [freebsd]

  '@rollup/rollup-linux-arm-gnueabihf@4.36.0':
    resolution: {integrity: sha512-bvXVU42mOVcF4le6XSjscdXjqx8okv4n5vmwgzcmtvFdifQ5U4dXFYaCB87namDRKlUL9ybVtLQ9ztnawaSzvg==}
    cpu: [arm]
    os: [linux]

  '@rollup/rollup-linux-arm-musleabihf@4.36.0':
    resolution: {integrity: sha512-JFIQrDJYrxOnyDQGYkqnNBtjDwTgbasdbUiQvcU8JmGDfValfH1lNpng+4FWlhaVIR4KPkeddYjsVVbmJYvDcg==}
    cpu: [arm]
    os: [linux]

  '@rollup/rollup-linux-arm64-gnu@4.36.0':
    resolution: {integrity: sha512-KqjYVh3oM1bj//5X7k79PSCZ6CvaVzb7Qs7VMWS+SlWB5M8p3FqufLP9VNp4CazJ0CsPDLwVD9r3vX7Ci4J56A==}
    cpu: [arm64]
    os: [linux]

  '@rollup/rollup-linux-arm64-musl@4.36.0':
    resolution: {integrity: sha512-QiGnhScND+mAAtfHqeT+cB1S9yFnNQ/EwCg5yE3MzoaZZnIV0RV9O5alJAoJKX/sBONVKeZdMfO8QSaWEygMhw==}
    cpu: [arm64]
    os: [linux]

  '@rollup/rollup-linux-loongarch64-gnu@4.36.0':
    resolution: {integrity: sha512-1ZPyEDWF8phd4FQtTzMh8FQwqzvIjLsl6/84gzUxnMNFBtExBtpL51H67mV9xipuxl1AEAerRBgBwFNpkw8+Lg==}
    cpu: [loong64]
    os: [linux]

  '@rollup/rollup-linux-powerpc64le-gnu@4.36.0':
    resolution: {integrity: sha512-VMPMEIUpPFKpPI9GZMhJrtu8rxnp6mJR3ZzQPykq4xc2GmdHj3Q4cA+7avMyegXy4n1v+Qynr9fR88BmyO74tg==}
    cpu: [ppc64]
    os: [linux]

  '@rollup/rollup-linux-riscv64-gnu@4.36.0':
    resolution: {integrity: sha512-ttE6ayb/kHwNRJGYLpuAvB7SMtOeQnVXEIpMtAvx3kepFQeowVED0n1K9nAdraHUPJ5hydEMxBpIR7o4nrm8uA==}
    cpu: [riscv64]
    os: [linux]

  '@rollup/rollup-linux-s390x-gnu@4.36.0':
    resolution: {integrity: sha512-4a5gf2jpS0AIe7uBjxDeUMNcFmaRTbNv7NxI5xOCs4lhzsVyGR/0qBXduPnoWf6dGC365saTiwag8hP1imTgag==}
    cpu: [s390x]
    os: [linux]

  '@rollup/rollup-linux-x64-gnu@4.36.0':
    resolution: {integrity: sha512-5KtoW8UWmwFKQ96aQL3LlRXX16IMwyzMq/jSSVIIyAANiE1doaQsx/KRyhAvpHlPjPiSU/AYX/8m+lQ9VToxFQ==}
    cpu: [x64]
    os: [linux]

  '@rollup/rollup-linux-x64-musl@4.36.0':
    resolution: {integrity: sha512-sycrYZPrv2ag4OCvaN5js+f01eoZ2U+RmT5as8vhxiFz+kxwlHrsxOwKPSA8WyS+Wc6Epid9QeI/IkQ9NkgYyQ==}
    cpu: [x64]
    os: [linux]

  '@rollup/rollup-win32-arm64-msvc@4.36.0':
    resolution: {integrity: sha512-qbqt4N7tokFwwSVlWDsjfoHgviS3n/vZ8LK0h1uLG9TYIRuUTJC88E1xb3LM2iqZ/WTqNQjYrtmtGmrmmawB6A==}
    cpu: [arm64]
    os: [win32]

  '@rollup/rollup-win32-ia32-msvc@4.36.0':
    resolution: {integrity: sha512-t+RY0JuRamIocMuQcfwYSOkmdX9dtkr1PbhKW42AMvaDQa+jOdpUYysroTF/nuPpAaQMWp7ye+ndlmmthieJrQ==}
    cpu: [ia32]
    os: [win32]

  '@rollup/rollup-win32-x64-msvc@4.36.0':
    resolution: {integrity: sha512-aRXd7tRZkWLqGbChgcMMDEHjOKudo1kChb1Jt1IfR8cY/KIpgNviLeJy5FUb9IpSuQj8dU2fAYNMPW/hLKOSTw==}
    cpu: [x64]
    os: [win32]

  '@types/estree@1.0.6':
    resolution: {integrity: sha512-AYnb1nQyY49te+VRAVgmzfcgjYS91mY5P0TKUDCLEM+gNnA+3T6rWITXRLYCpahpqSQbN5cE+gHpnPyXjHWxcw==}

  '@types/node@22.13.10':
    resolution: {integrity: sha512-I6LPUvlRH+O6VRUqYOcMudhaIdUVWfsjnZavnsraHvpBwaEyMN29ry+0UVJhImYL16xsscu0aske3yA+uPOWfw==}

  '@types/resolve@1.20.2':
    resolution: {integrity: sha512-60BCwRFOZCQhDncwQdxxeOEEkbc5dIMccYLwbxsS4TUNeVECQ/pBJ0j09mrHOl/JJvpRPGwO9SvE4nR2Nb/a4Q==}

  ansi-align@3.0.1:
    resolution: {integrity: sha512-IOfwwBF5iczOjp/WeY4YxyjqAFMQoZufdQWDd19SEExbVLNXqvpzSJ/M7Za4/sCPmQ0+GRquoA7bGcINcxew6w==}

  ansi-regex@5.0.1:
    resolution: {integrity: sha512-quJQXlTSUGL2LH9SUXo8VwsY4soanhgo6LNSm84E1LBcE8s3O0wpdiRzyR9z/ZZJMlMWv37qOOb9pdJlMUEKFQ==}
    engines: {node: '>=8'}

  ansi-regex@6.1.0:
    resolution: {integrity: sha512-7HSX4QQb4CspciLpVFwyRe79O3xsIZDDLER21kERQ71oaPodF8jL725AgJMFAYbooIqolJoRLuM81SpeUkpkvA==}
    engines: {node: '>=12'}

  ansi-styles@6.2.1:
    resolution: {integrity: sha512-bN798gFfQX+viw3R7yrGWRqnrN2oRkEkUjjl4JNn4E8GxxbjtG3FbrEIIY3l8/hrwUwIeCZvi4QuOTP4MErVug==}
    engines: {node: '>=12'}

  atomically@2.0.3:
    resolution: {integrity: sha512-kU6FmrwZ3Lx7/7y3hPS5QnbJfaohcIul5fGqf7ok+4KklIEk9tJ0C2IQPdacSbVUWv6zVHXEBWoWd6NrVMT7Cw==}

  boxen@8.0.1:
    resolution: {integrity: sha512-F3PH5k5juxom4xktynS7MoFY+NUWH5LC4CnH11YB8NPew+HLpmBLCybSAEyb2F+4pRXhuhWqFesoQd6DAyc2hw==}
    engines: {node: '>=18'}

  camelcase@8.0.0:
    resolution: {integrity: sha512-8WB3Jcas3swSvjIeA2yvCJ+Miyz5l1ZmB6HFb9R1317dt9LCQoswg/BGrmAmkWVEszSrrg4RwmO46qIm2OEnSA==}
    engines: {node: '>=16'}

  chalk@5.4.1:
    resolution: {integrity: sha512-zgVZuo2WcZgfUEmsn6eO3kINexW8RAE4maiQ8QNs8CtpPCSyMiYsULR3HQYkm3w8FIA3SberyMJMSldGsW+U3w==}
    engines: {node: ^12.17.0 || ^14.13 || >=16.0.0}

  cli-boxes@3.0.0:
    resolution: {integrity: sha512-/lzGpEWL/8PfI0BmBOPRwp0c/wFNX1RdUML3jK/RcSBA9T8mZDdQpqYBKtCFTOfQbwPqWEOpjqW+Fnayc0969g==}
    engines: {node: '>=10'}

  commander@13.1.0:
    resolution: {integrity: sha512-/rFeCpNJQbhSZjGVwO9RFV3xPqbnERS8MmIQzCtD/zl6gpJuV/bMLuN92oG3F7d8oDEHHRrujSXNUr8fpjntKw==}
    engines: {node: '>=18'}

  commondir@1.0.1:
    resolution: {integrity: sha512-W9pAhw0ja1Edb5GVdIF1mjZw/ASI0AlShXM83UUGe2DVr5TdAPEA1OA8m/g8zWp9x6On7gqufY+FatDbC3MDQg==}

  config-chain@1.1.13:
    resolution: {integrity: sha512-qj+f8APARXHrM0hraqXYb2/bOVSV4PvJQlNZ/DVj0QrmNM2q2euizkeuVckQ57J+W0mRH6Hvi+k50M4Jul2VRQ==}

  configstore@7.0.0:
    resolution: {integrity: sha512-yk7/5PN5im4qwz0WFZW3PXnzHgPu9mX29Y8uZ3aefe2lBPC1FYttWZRcaW9fKkT0pBCJyuQ2HfbmPVaODi9jcQ==}
    engines: {node: '>=18'}

  debug@4.4.0:
    resolution: {integrity: sha512-6WTZ/IxCY/T6BALoZHaE4ctp9xm+Z5kY/pzYaCHRFeyVhojxlrm+46y68HA6hr0TcwEssoxNiDEUJQjfPZ/RYA==}
    engines: {node: '>=6.0'}
    peerDependencies:
      supports-color: '*'
    peerDependenciesMeta:
      supports-color:
        optional: true

  deep-extend@0.6.0:
    resolution: {integrity: sha512-LOHxIOaPYdHlJRtCQfDIVZtfw/ufM8+rVj649RIHzcm/vGwQRXFt6OPqIFWsm2XEMrNIEtWR64sY1LEKD2vAOA==}
    engines: {node: '>=4.0.0'}

  deepmerge@4.3.1:
    resolution: {integrity: sha512-3sUqbMEc77XqpdNO7FRyRog+eW3ph+GYCbj+rK+uYyRMuwsVy0rMiVtPn+QJlKFvWP/1PYpapqYn0Me2knFn+A==}
    engines: {node: '>=0.10.0'}

  dot-prop@9.0.0:
    resolution: {integrity: sha512-1gxPBJpI/pcjQhKgIU91II6Wkay+dLcN3M6rf2uwP8hRur3HtQXjVrdAK3sjC0piaEuxzMwjXChcETiJl47lAQ==}
    engines: {node: '>=18'}

  emoji-regex@10.4.0:
    resolution: {integrity: sha512-EC+0oUMY1Rqm4O6LLrgjtYDvcVYTy7chDnM4Q7030tP4Kwj3u/pR6gP9ygnp2CJMK5Gq+9Q2oqmrFJAz01DXjw==}

  emoji-regex@8.0.0:
    resolution: {integrity: sha512-MSjYzcWNOA0ewAHpz0MxpYFvwg6yjy1NG3xteoqz644VCo/RPgnr1/GGt+ic3iJTzQ8Eu3TdM14SawnVUmGE6A==}

  escape-goat@4.0.0:
    resolution: {integrity: sha512-2Sd4ShcWxbx6OY1IHyla/CVNwvg7XwZVoXZHcSu9w9SReNP1EzzD5T8NWKIR38fIqEns9kDWKUQTXXAmlDrdPg==}
    engines: {node: '>=12'}

  estree-walker@2.0.2:
    resolution: {integrity: sha512-Rfkk/Mp/DL7JVje3u18FxFujQlTNR2q6QfMSMB7AvCBx91NGj/ba3kCfza0f6dVDbw7YlRf/nDrn7pQrCCyQ/w==}

  fdir@6.4.3:
    resolution: {integrity: sha512-PMXmW2y1hDDfTSRc9gaXIuCCRpuoz3Kaz8cUelp3smouvfT632ozg2vrT6lJsHKKOF59YLbOGfAWGUcKEfRMQw==}
    peerDependencies:
      picomatch: ^3 || ^4
    peerDependenciesMeta:
      picomatch:
        optional: true

  fsevents@2.3.3:
    resolution: {integrity: sha512-5xoDfX+fL7faATnagmWPpbFtwh/R77WmMMqqHGS65C3vvB0YHrgF+B1YmZ3441tMj5n63k0212XNoJwzlhffQw==}
    engines: {node: ^8.16.0 || ^10.6.0 || >=11.0.0}
    os: [darwin]

  function-bind@1.1.2:
    resolution: {integrity: sha512-7XHNxH7qX9xG5mIwxkhumTox/MIRNcOgDrxWsMt2pAr23WHp6MrRlN7FBSFpCpr+oVO0F744iUgR82nJMfG2SA==}

  get-east-asian-width@1.3.0:
    resolution: {integrity: sha512-vpeMIQKxczTD/0s2CdEWHcb0eeJe6TFjxb+J5xgX7hScxqrGuyjmv4c1D4A/gelKfyox0gJJwIHF+fLjeaM8kQ==}
    engines: {node: '>=18'}

  global-directory@4.0.1:
    resolution: {integrity: sha512-wHTUcDUoZ1H5/0iVqEudYW4/kAlN5cZ3j/bXn0Dpbizl9iaUVeWSHqiOjsgk6OW2bkLclbBjzewBz6weQ1zA2Q==}
    engines: {node: '>=18'}

  graceful-fs@4.2.10:
    resolution: {integrity: sha512-9ByhssR2fPVsNZj478qUUbKfmL0+t5BDVyjShtyZZLiK7ZDAArFFfopyOTj0M05wE2tJPisA4iTnnXl2YoPvOA==}

  graceful-fs@4.2.11:
    resolution: {integrity: sha512-RbJ5/jmFcNNCcDV5o9eTnBLJ/HszWV0P73bc+Ff4nS/rJj+YaS6IGyiOL0VoBYX+l1Wrl3k63h/KrH+nhJ0XvQ==}

  hasown@2.0.2:
    resolution: {integrity: sha512-0hJU9SCPvmMzIBdZFqNPXWa6dqh7WdH0cII9y+CyS8rG3nL48Bclra9HmKhVVUHyPWNH5Y7xDwAB7bfgSjkUMQ==}
    engines: {node: '>= 0.4'}

  ini@1.3.8:
    resolution: {integrity: sha512-JV/yugV2uzW5iMRSiZAyDtQd+nxtUnjeLt0acNdw98kKLrvuRVyB80tsREOE7yvGVgalhZ6RNXCmEHkUKBKxew==}

  ini@4.1.1:
    resolution: {integrity: sha512-QQnnxNyfvmHFIsj7gkPcYymR8Jdw/o7mp5ZFihxn6h8Ci6fh3Dx4E1gPjpQEpIuPo9XVNY/ZUwh4BPMjGyL01g==}
    engines: {node: ^14.17.0 || ^16.13.0 || >=18.0.0}

  is-core-module@2.16.1:
    resolution: {integrity: sha512-UfoeMA6fIJ8wTYFEUjelnaGI67v6+N7qXJEvQuIGa99l4xsCruSYOVSQ0uPANn4dAzm8lkYPaKLrrijLq7x23w==}
    engines: {node: '>= 0.4'}

  is-fullwidth-code-point@3.0.0:
    resolution: {integrity: sha512-zymm5+u+sCsSWyD9qNaejV3DFvhCKclKdizYaJUuHA83RLjb7nSuGnddCHGv0hk+KY7BMAlsWeK4Ueg6EV6XQg==}
    engines: {node: '>=8'}

  is-in-ci@1.0.0:
    resolution: {integrity: sha512-eUuAjybVTHMYWm/U+vBO1sY/JOCgoPCXRxzdju0K+K0BiGW0SChEL1MLC0PoCIR1OlPo5YAp8HuQoUlsWEICwg==}
    engines: {node: '>=18'}
    hasBin: true

  is-installed-globally@1.0.0:
    resolution: {integrity: sha512-K55T22lfpQ63N4KEN57jZUAaAYqYHEe8veb/TycJRk9DdSCLLcovXz/mL6mOnhQaZsQGwPhuFopdQIlqGSEjiQ==}
    engines: {node: '>=18'}

  is-module@1.0.0:
    resolution: {integrity: sha512-51ypPSPCoTEIN9dy5Oy+h4pShgJmPCygKfyRCISBI+JoWT/2oJvK8QPxmwv7b/p239jXrm9M1mlQbyKJ5A152g==}

  is-npm@6.0.0:
    resolution: {integrity: sha512-JEjxbSmtPSt1c8XTkVrlujcXdKV1/tvuQ7GwKcAlyiVLeYFQ2VHat8xfrDJsIkhCdF/tZ7CiIR3sy141c6+gPQ==}
    engines: {node: ^12.20.0 || ^14.13.1 || >=16.0.0}

  is-path-inside@4.0.0:
    resolution: {integrity: sha512-lJJV/5dYS+RcL8uQdBDW9c9uWFLLBNRyFhnAKXw5tVqLlKZ4RMGZKv+YQ/IA3OhD+RpbJa1LLFM1FQPGyIXvOA==}
    engines: {node: '>=12'}

  is-reference@1.2.1:
    resolution: {integrity: sha512-U82MsXXiFIrjCK4otLT+o2NA2Cd2g5MLoOVXUZjIOhLurrRxpEXzI8O0KZHr3IjLvlAH1kTPYSuqer5T9ZVBKQ==}

  js-tokens@4.0.0:
    resolution: {integrity: sha512-RdJUflcE3cUzKiMqQgsCu06FPu9UdIJO0beYbPhHN4k6apgJtifcoCtT9bcxOpYBtpD2kCM6Sbzg4CausW/PKQ==}

  ky@1.7.5:
    resolution: {integrity: sha512-HzhziW6sc5m0pwi5M196+7cEBtbt0lCYi67wNsiwMUmz833wloE0gbzJPWKs1gliFKQb34huItDQX97LyOdPdA==}
    engines: {node: '>=18'}

  latest-version@9.0.0:
    resolution: {integrity: sha512-7W0vV3rqv5tokqkBAFV1LbR7HPOWzXQDpDgEuib/aJ1jsZZx6x3c2mBI+TJhJzOhkGeaLbCKEHXEXLfirtG2JA==}
    engines: {node: '>=18'}

  magic-string@0.30.17:
    resolution: {integrity: sha512-sNPKHvyjVf7gyjwS4xGTaW/mCnF8wnjtifKBEhxfZ7E/S8tQ0rssrwGNn6q8JH/ohItJfSQp9mBtQYuTlH5QnA==}

  minimist@1.2.8:
    resolution: {integrity: sha512-2yyAR8qBkN3YuheJanUpWC5U3bb5osDywNB8RzDVlDwDHbocAJveqqj1u8+SVD7jkWT4yvsHCpWqqWqAxb0zCA==}

  ms@2.1.3:
    resolution: {integrity: sha512-6FlzubTLZG3J2a/NVCAleEhjzq5oxgHyaCU9yYXvcLsvoVaHJq/s5xXI6/XXP6tz7R9xAOtHnSO/tXtF3WRTlA==}

  package-json@10.0.1:
    resolution: {integrity: sha512-ua1L4OgXSBdsu1FPb7F3tYH0F48a6kxvod4pLUlGY9COeJAJQNX/sNH2IiEmsxw7lqYiAwrdHMjz1FctOsyDQg==}
    engines: {node: '>=18'}

  path-parse@1.0.7:
    resolution: {integrity: sha512-LDJzPVEEEPR+y48z93A0Ed0yXb8pAByGWo/k5YYdYgpY2/2EsOsksJrq7lOHxryrVOn1ejG6oAp8ahvOIQD8sw==}

  picocolors@1.1.1:
    resolution: {integrity: sha512-xceH2snhtb5M9liqDsmEw56le376mTZkEX/jEb/RxNFyegNul7eNslCXP9FDj/Lcu0X8KEyMceP2ntpaHrDEVA==}

  picomatch@4.0.2:
    resolution: {integrity: sha512-M7BAV6Rlcy5u+m6oPhAPFgJTzAioX/6B0DxyvDlo9l8+T3nLKbrczg2WLUyzd45L8RqfUMyGPzekbMvX2Ldkwg==}
    engines: {node: '>=12'}

  prettier@3.5.3:
    resolution: {integrity: sha512-QQtaxnoDJeAkDvDKWCLiwIXkTgRhwYDEQCghU9Z6q03iyek/rxRh/2lC3HB7P8sWT2xC/y5JDctPLBIGzHKbhw==}
    engines: {node: '>=14'}

  proto-list@1.2.4:
    resolution: {integrity: sha512-vtK/94akxsTMhe0/cbfpR+syPuszcuwhqVjJq26CuNDgFGj682oRBXOP5MJpv2r7JtE8MsiepGIqvvOTBwn2vA==}

  pupa@3.1.0:
    resolution: {integrity: sha512-FLpr4flz5xZTSJxSeaheeMKN/EDzMdK7b8PTOC6a5PYFKTucWbdqjgqaEyH0shFiSJrVB1+Qqi4Tk19ccU6Aug==}
    engines: {node: '>=12.20'}

  rc@1.2.8:
    resolution: {integrity: sha512-y3bGgqKj3QBdxLbLkomlohkvsA8gdAiUQlSBJnBhfn+BPxg4bc62d8TcBW15wavDfgexCgccckhcZvywyQYPOw==}
    hasBin: true

  registry-auth-token@5.1.0:
    resolution: {integrity: sha512-GdekYuwLXLxMuFTwAPg5UKGLW/UXzQrZvH/Zj791BQif5T05T0RsaLfHc9q3ZOKi7n+BoprPD9mJ0O0k4xzUlw==}
    engines: {node: '>=14'}

  registry-url@6.0.1:
    resolution: {integrity: sha512-+crtS5QjFRqFCoQmvGduwYWEBng99ZvmFvF+cUJkGYF1L1BfU8C6Zp9T7f5vPAwyLkUExpvK+ANVZmGU49qi4Q==}
    engines: {node: '>=12'}

  resolve@1.22.10:
    resolution: {integrity: sha512-NPRy+/ncIMeDlTAsuqwKIiferiawhefFJtkNSW0qZJEqMEb+qBt/77B/jGeeek+F0uOeN05CDa6HXbbIgtVX4w==}
    engines: {node: '>= 0.4'}
    hasBin: true

  rollup-plugin-dts@6.2.0:
    resolution: {integrity: sha512-iciY+z46mUbN5nCxtJqVynwgrZZljM8of6k8Rg5rVAmu4VHDxexFPgoCa2wrJG5mMsHSGrJmjQPCM4vD0Oe3Lg==}
    engines: {node: '>=16'}
    peerDependencies:
      rollup: ^3.29.4 || ^4
      typescript: ^4.5 || ^5.0

  rollup@4.36.0:
    resolution: {integrity: sha512-zwATAXNQxUcd40zgtQG0ZafcRK4g004WtEl7kbuhTWPvf07PsfohXl39jVUvPF7jvNAIkKPQ2XrsDlWuxBd++Q==}
    engines: {node: '>=18.0.0', npm: '>=8.0.0'}
    hasBin: true

  semver@7.7.1:
    resolution: {integrity: sha512-hlq8tAfn0m/61p4BVRcPzIGr6LKiMwo4VM6dGi6pt4qcRkmNzTcWq6eCEjEh+qXjkMDvPlOFFSGwQjoEa6gyMA==}
    engines: {node: '>=10'}
    hasBin: true

  simple-git@3.27.0:
    resolution: {integrity: sha512-ivHoFS9Yi9GY49ogc6/YAi3Fl9ROnF4VyubNylgCkA+RVqLaKWnDSzXOVzya8csELIaWaYNutsEuAhZrtOjozA==}

  sisteransi@1.0.5:
    resolution: {integrity: sha512-bLGGlR1QxBcynn2d5YmDX4MGjlZvy2MRBDRNHLJ8VI6l6+9FUiyTFNJ0IveOSP0bcXgVDPRcfGqA0pjaqUpfVg==}

  string-width@4.2.3:
    resolution: {integrity: sha512-wKyQRQpjJ0sIp62ErSZdGsjMJWsap5oRNihHhu6G7JVO/9jIB6UyevL+tXuOqrng8j/cxKTWyWUwvSTriiZz/g==}
    engines: {node: '>=8'}

  string-width@7.2.0:
    resolution: {integrity: sha512-tsaTIkKW9b4N+AEj+SVA+WhJzV7/zMhcSu78mLKWSk7cXMOSHsBKFWUs0fWwq8QyK3MgJBQRX6Gbi4kYbdvGkQ==}
    engines: {node: '>=18'}

  strip-ansi@6.0.1:
    resolution: {integrity: sha512-Y38VPSHcqkFrCpFnQ9vuSXmquuv5oXOKpGeT6aGrr3o3Gc9AlVa6JBfUSOCnbxGGZF+/0ooI7KrPuUSztUdU5A==}
    engines: {node: '>=8'}

  strip-ansi@7.1.0:
    resolution: {integrity: sha512-iq6eVVI64nQQTRYq2KtEg2d2uU7LElhTJwsH4YzIHZshxlgZms/wIc4VoDQTlG/IvVIrBKG06CrZnp0qv7hkcQ==}
    engines: {node: '>=12'}

  strip-json-comments@2.0.1:
    resolution: {integrity: sha512-4gB8na07fecVVkOI6Rs4e7T6NOTki5EmL7TUduTs6bu3EdnSycntVJ4re8kgZA+wx9IueI2Y11bfbgwtzuE0KQ==}
    engines: {node: '>=0.10.0'}

  stubborn-fs@1.2.5:
    resolution: {integrity: sha512-H2N9c26eXjzL/S/K+i/RHHcFanE74dptvvjM8iwzwbVcWY/zjBbgRqF3K0DY4+OD+uTTASTBvDoxPDaPN02D7g==}

  supports-preserve-symlinks-flag@1.0.0:
    resolution: {integrity: sha512-ot0WnXS9fgdkgIcePe6RHNk1WA8+muPa6cSjeR3V8K27q9BB1rTE3R1p7Hv0z1ZyAc8s6Vvv8DIyWf681MAt0w==}
    engines: {node: '>= 0.4'}

  tslib@2.8.1:
    resolution: {integrity: sha512-oJFu94HQb+KVduSUQL7wnpmqnfmLsOA/nAh6b6EH0wCEoK0/mPeXU6c3wKDV83MkOuHPRHtSXKKU99IBazS/2w==}

  turbo-darwin-64@2.4.4:
    resolution: {integrity: sha512-5kPvRkLAfmWI0MH96D+/THnDMGXlFNmjeqNRj5grLKiry+M9pKj3pRuScddAXPdlxjO5Ptz06UNaOQrrYGTx1g==}
    cpu: [x64]
    os: [darwin]

  turbo-darwin-arm64@2.4.4:
    resolution: {integrity: sha512-/gtHPqbGQXDFhrmy+Q/MFW2HUTUlThJ97WLLSe4bxkDrKHecDYhAjbZ4rN3MM93RV9STQb3Tqy4pZBtsd4DfCw==}
    cpu: [arm64]
    os: [darwin]

  turbo-linux-64@2.4.4:
    resolution: {integrity: sha512-SR0gri4k0bda56hw5u9VgDXLKb1Q+jrw4lM7WAhnNdXvVoep4d6LmnzgMHQQR12Wxl3KyWPbkz9d1whL6NTm2Q==}
    cpu: [x64]
    os: [linux]

  turbo-linux-arm64@2.4.4:
    resolution: {integrity: sha512-COXXwzRd3vslQIfJhXUklgEqlwq35uFUZ7hnN+AUyXx7hUOLIiD5NblL+ETrHnhY4TzWszrbwUMfe2BYWtaPQg==}
    cpu: [arm64]
    os: [linux]

  turbo-windows-64@2.4.4:
    resolution: {integrity: sha512-PV9rYNouGz4Ff3fd6sIfQy5L7HT9a4fcZoEv8PKRavU9O75G7PoDtm8scpHU10QnK0QQNLbE9qNxOAeRvF0fJg==}
    cpu: [x64]
    os: [win32]

  turbo-windows-arm64@2.4.4:
    resolution: {integrity: sha512-403sqp9t5sx6YGEC32IfZTVWkRAixOQomGYB8kEc6ZD+//LirSxzeCHCnM8EmSXw7l57U1G+Fb0kxgTcKPU/Lg==}
    cpu: [arm64]
    os: [win32]

  turbo@2.4.4:
    resolution: {integrity: sha512-N9FDOVaY3yz0YCOhYIgOGYad7+m2ptvinXygw27WPLQvcZDl3+0Sa77KGVlLSiuPDChOUEnTKE9VJwLSi9BPGQ==}

  type-fest@4.37.0:
    resolution: {integrity: sha512-S/5/0kFftkq27FPNye0XM1e2NsnoD/3FS+pBmbjmmtLT6I+i344KoOf7pvXreaFsDamWeaJX55nczA1m5PsBDg==}
    engines: {node: '>=16'}

  typescript@5.8.2:
    resolution: {integrity: sha512-aJn6wq13/afZp/jT9QZmwEjDqqvSGp1VT5GVg+f/t6/oVyrgXM6BY1h9BRh/O5p3PlUPAe+WuiEZOmb/49RqoQ==}
    engines: {node: '>=14.17'}
    hasBin: true

  undici-types@6.20.0:
    resolution: {integrity: sha512-Ny6QZ2Nju20vw1SRHe3d9jVu6gJ+4e3+MMpqu7pqE5HT6WsTSlce++GQmK5UXS8mzV8DSYHrQH+Xrf2jVcuKNg==}

  update-notifier@7.3.1:
    resolution: {integrity: sha512-+dwUY4L35XFYEzE+OAL3sarJdUioVovq+8f7lcIJ7wnmnYQV5UD1Y/lcwaMSyaQ6Bj3JMj1XSTjZbNLHn/19yA==}
    engines: {node: '>=18'}

  when-exit@2.1.4:
    resolution: {integrity: sha512-4rnvd3A1t16PWzrBUcSDZqcAmsUIy4minDXT/CZ8F2mVDgd65i4Aalimgz1aQkRGU0iH5eT5+6Rx2TK8o443Pg==}

  widest-line@5.0.0:
    resolution: {integrity: sha512-c9bZp7b5YtRj2wOe6dlj32MK+Bx/M/d+9VB2SHM1OtsUHR0aV0tdP6DWh/iMt0kWi1t5g1Iudu6hQRNd1A4PVA==}
    engines: {node: '>=18'}

  wrap-ansi@9.0.0:
    resolution: {integrity: sha512-G8ura3S+3Z2G+mkgNRq8dqaFZAuxfsxpBB8OCTGRTCtp+l/v9nbFNmCUP1BZMts3G1142MsZfn6eeUKrr4PD1Q==}
    engines: {node: '>=18'}

  xdg-basedir@5.1.0:
    resolution: {integrity: sha512-GCPAHLvrIH13+c0SuacwvRYj2SxJXQ4kaVTT5xgL3kPrz56XxkF21IGhjSE1+W0aw7gpBWRGXLCPnPby6lSpmQ==}
    engines: {node: '>=12'}

snapshots:

  '@babel/code-frame@7.26.2':
    dependencies:
      '@babel/helper-validator-identifier': 7.25.9
      js-tokens: 4.0.0
      picocolors: 1.1.1
    optional: true

  '@babel/helper-validator-identifier@7.25.9':
    optional: true

  '@clack/core@0.4.1':
    dependencies:
      picocolors: 1.1.1
      sisteransi: 1.0.5

  '@clack/prompts@0.10.0':
    dependencies:
      '@clack/core': 0.4.1
      picocolors: 1.1.1
      sisteransi: 1.0.5

  '@jridgewell/sourcemap-codec@1.5.0': {}

  '@kwsites/file-exists@1.1.1':
    dependencies:
      debug: 4.4.0
    transitivePeerDependencies:
      - supports-color

  '@kwsites/promise-deferred@1.1.1': {}

  '@pnpm/config.env-replace@1.1.0': {}

  '@pnpm/network.ca-file@1.0.2':
    dependencies:
      graceful-fs: 4.2.10

  '@pnpm/npm-conf@2.3.1':
    dependencies:
      '@pnpm/config.env-replace': 1.1.0
      '@pnpm/network.ca-file': 1.0.2
      config-chain: 1.1.13

  '@rollup/plugin-commonjs@28.0.3(rollup@4.36.0)':
    dependencies:
      '@rollup/pluginutils': 5.1.4(rollup@4.36.0)
      commondir: 1.0.1
      estree-walker: 2.0.2
      fdir: 6.4.3(picomatch@4.0.2)
      is-reference: 1.2.1
      magic-string: 0.30.17
      picomatch: 4.0.2
    optionalDependencies:
      rollup: 4.36.0

  '@rollup/plugin-node-resolve@16.0.1(rollup@4.36.0)':
    dependencies:
      '@rollup/pluginutils': 5.1.4(rollup@4.36.0)
      '@types/resolve': 1.20.2
      deepmerge: 4.3.1
      is-module: 1.0.0
      resolve: 1.22.10
    optionalDependencies:
      rollup: 4.36.0

  '@rollup/plugin-typescript@12.1.2(rollup@4.36.0)(tslib@2.8.1)(typescript@5.8.2)':
    dependencies:
      '@rollup/pluginutils': 5.1.4(rollup@4.36.0)
      resolve: 1.22.10
      typescript: 5.8.2
    optionalDependencies:
      rollup: 4.36.0
      tslib: 2.8.1

  '@rollup/pluginutils@5.1.4(rollup@4.36.0)':
    dependencies:
      '@types/estree': 1.0.6
      estree-walker: 2.0.2
      picomatch: 4.0.2
    optionalDependencies:
      rollup: 4.36.0

  '@rollup/rollup-android-arm-eabi@4.36.0':
    optional: true

  '@rollup/rollup-android-arm64@4.36.0':
    optional: true

  '@rollup/rollup-darwin-arm64@4.36.0':
    optional: true

  '@rollup/rollup-darwin-x64@4.36.0':
    optional: true

  '@rollup/rollup-freebsd-arm64@4.36.0':
    optional: true

  '@rollup/rollup-freebsd-x64@4.36.0':
    optional: true

  '@rollup/rollup-linux-arm-gnueabihf@4.36.0':
    optional: true

  '@rollup/rollup-linux-arm-musleabihf@4.36.0':
    optional: true

  '@rollup/rollup-linux-arm64-gnu@4.36.0':
    optional: true

  '@rollup/rollup-linux-arm64-musl@4.36.0':
    optional: true

  '@rollup/rollup-linux-loongarch64-gnu@4.36.0':
    optional: true

  '@rollup/rollup-linux-powerpc64le-gnu@4.36.0':
    optional: true

  '@rollup/rollup-linux-riscv64-gnu@4.36.0':
    optional: true

  '@rollup/rollup-linux-s390x-gnu@4.36.0':
    optional: true

  '@rollup/rollup-linux-x64-gnu@4.36.0':
    optional: true

  '@rollup/rollup-linux-x64-musl@4.36.0':
    optional: true

  '@rollup/rollup-win32-arm64-msvc@4.36.0':
    optional: true

  '@rollup/rollup-win32-ia32-msvc@4.36.0':
    optional: true

  '@rollup/rollup-win32-x64-msvc@4.36.0':
    optional: true

  '@types/estree@1.0.6': {}

  '@types/node@22.13.10':
    dependencies:
      undici-types: 6.20.0

  '@types/resolve@1.20.2': {}

  ansi-align@3.0.1:
    dependencies:
      string-width: 4.2.3

  ansi-regex@5.0.1: {}

  ansi-regex@6.1.0: {}

  ansi-styles@6.2.1: {}

  atomically@2.0.3:
    dependencies:
      stubborn-fs: 1.2.5
      when-exit: 2.1.4

  boxen@8.0.1:
    dependencies:
      ansi-align: 3.0.1
      camelcase: 8.0.0
      chalk: 5.4.1
      cli-boxes: 3.0.0
      string-width: 7.2.0
      type-fest: 4.37.0
      widest-line: 5.0.0
      wrap-ansi: 9.0.0

  camelcase@8.0.0: {}

  chalk@5.4.1: {}

  cli-boxes@3.0.0: {}

  commander@13.1.0: {}

  commondir@1.0.1: {}

  config-chain@1.1.13:
    dependencies:
      ini: 1.3.8
      proto-list: 1.2.4

  configstore@7.0.0:
    dependencies:
      atomically: 2.0.3
      dot-prop: 9.0.0
      graceful-fs: 4.2.11
      xdg-basedir: 5.1.0

  debug@4.4.0:
    dependencies:
      ms: 2.1.3

  deep-extend@0.6.0: {}

  deepmerge@4.3.1: {}

  dot-prop@9.0.0:
    dependencies:
      type-fest: 4.37.0

  emoji-regex@10.4.0: {}

  emoji-regex@8.0.0: {}

  escape-goat@4.0.0: {}

  estree-walker@2.0.2: {}

  fdir@6.4.3(picomatch@4.0.2):
    optionalDependencies:
      picomatch: 4.0.2

  fsevents@2.3.3:
    optional: true

  function-bind@1.1.2: {}

  get-east-asian-width@1.3.0: {}

  global-directory@4.0.1:
    dependencies:
      ini: 4.1.1

  graceful-fs@4.2.10: {}

  graceful-fs@4.2.11: {}

  hasown@2.0.2:
    dependencies:
      function-bind: 1.1.2

  ini@1.3.8: {}

  ini@4.1.1: {}

  is-core-module@2.16.1:
    dependencies:
      hasown: 2.0.2

  is-fullwidth-code-point@3.0.0: {}

  is-in-ci@1.0.0: {}

  is-installed-globally@1.0.0:
    dependencies:
      global-directory: 4.0.1
      is-path-inside: 4.0.0

  is-module@1.0.0: {}

  is-npm@6.0.0: {}

  is-path-inside@4.0.0: {}

  is-reference@1.2.1:
    dependencies:
      '@types/estree': 1.0.6

  js-tokens@4.0.0:
    optional: true

  ky@1.7.5: {}

  latest-version@9.0.0:
    dependencies:
      package-json: 10.0.1

  magic-string@0.30.17:
    dependencies:
      '@jridgewell/sourcemap-codec': 1.5.0

  minimist@1.2.8: {}

  ms@2.1.3: {}

  package-json@10.0.1:
    dependencies:
      ky: 1.7.5
      registry-auth-token: 5.1.0
      registry-url: 6.0.1
      semver: 7.7.1

  path-parse@1.0.7: {}

  picocolors@1.1.1: {}

  picomatch@4.0.2: {}

  prettier@3.5.3: {}

  proto-list@1.2.4: {}

  pupa@3.1.0:
    dependencies:
      escape-goat: 4.0.0

  rc@1.2.8:
    dependencies:
      deep-extend: 0.6.0
      ini: 1.3.8
      minimist: 1.2.8
      strip-json-comments: 2.0.1

  registry-auth-token@5.1.0:
    dependencies:
      '@pnpm/npm-conf': 2.3.1

  registry-url@6.0.1:
    dependencies:
      rc: 1.2.8

  resolve@1.22.10:
    dependencies:
      is-core-module: 2.16.1
      path-parse: 1.0.7
      supports-preserve-symlinks-flag: 1.0.0

  rollup-plugin-dts@6.2.0(rollup@4.36.0)(typescript@5.8.2):
    dependencies:
      magic-string: 0.30.17
      rollup: 4.36.0
      typescript: 5.8.2
    optionalDependencies:
      '@babel/code-frame': 7.26.2

  rollup@4.36.0:
    dependencies:
      '@types/estree': 1.0.6
    optionalDependencies:
      '@rollup/rollup-android-arm-eabi': 4.36.0
      '@rollup/rollup-android-arm64': 4.36.0
      '@rollup/rollup-darwin-arm64': 4.36.0
      '@rollup/rollup-darwin-x64': 4.36.0
      '@rollup/rollup-freebsd-arm64': 4.36.0
      '@rollup/rollup-freebsd-x64': 4.36.0
      '@rollup/rollup-linux-arm-gnueabihf': 4.36.0
      '@rollup/rollup-linux-arm-musleabihf': 4.36.0
      '@rollup/rollup-linux-arm64-gnu': 4.36.0
      '@rollup/rollup-linux-arm64-musl': 4.36.0
      '@rollup/rollup-linux-loongarch64-gnu': 4.36.0
      '@rollup/rollup-linux-powerpc64le-gnu': 4.36.0
      '@rollup/rollup-linux-riscv64-gnu': 4.36.0
      '@rollup/rollup-linux-s390x-gnu': 4.36.0
      '@rollup/rollup-linux-x64-gnu': 4.36.0
      '@rollup/rollup-linux-x64-musl': 4.36.0
      '@rollup/rollup-win32-arm64-msvc': 4.36.0
      '@rollup/rollup-win32-ia32-msvc': 4.36.0
      '@rollup/rollup-win32-x64-msvc': 4.36.0
      fsevents: 2.3.3

  semver@7.7.1: {}

  simple-git@3.27.0:
    dependencies:
      '@kwsites/file-exists': 1.1.1
      '@kwsites/promise-deferred': 1.1.1
      debug: 4.4.0
    transitivePeerDependencies:
      - supports-color

  sisteransi@1.0.5: {}

  string-width@4.2.3:
    dependencies:
      emoji-regex: 8.0.0
      is-fullwidth-code-point: 3.0.0
      strip-ansi: 6.0.1

  string-width@7.2.0:
    dependencies:
      emoji-regex: 10.4.0
      get-east-asian-width: 1.3.0
      strip-ansi: 7.1.0

  strip-ansi@6.0.1:
    dependencies:
      ansi-regex: 5.0.1

  strip-ansi@7.1.0:
    dependencies:
      ansi-regex: 6.1.0

  strip-json-comments@2.0.1: {}

  stubborn-fs@1.2.5: {}

  supports-preserve-symlinks-flag@1.0.0: {}

  tslib@2.8.1: {}

  turbo-darwin-64@2.4.4:
    optional: true

  turbo-darwin-arm64@2.4.4:
    optional: true

  turbo-linux-64@2.4.4:
    optional: true

  turbo-linux-arm64@2.4.4:
    optional: true

  turbo-windows-64@2.4.4:
    optional: true

  turbo-windows-arm64@2.4.4:
    optional: true

  turbo@2.4.4:
    optionalDependencies:
      turbo-darwin-64: 2.4.4
      turbo-darwin-arm64: 2.4.4
      turbo-linux-64: 2.4.4
      turbo-linux-arm64: 2.4.4
      turbo-windows-64: 2.4.4
      turbo-windows-arm64: 2.4.4

  type-fest@4.37.0: {}

  typescript@5.8.2: {}

  undici-types@6.20.0: {}

  update-notifier@7.3.1:
    dependencies:
      boxen: 8.0.1
      chalk: 5.4.1
      configstore: 7.0.0
      is-in-ci: 1.0.0
      is-installed-globally: 1.0.0
      is-npm: 6.0.0
      latest-version: 9.0.0
      pupa: 3.1.0
      semver: 7.7.1
      xdg-basedir: 5.1.0

  when-exit@2.1.4: {}

  widest-line@5.0.0:
    dependencies:
      string-width: 7.2.0

  wrap-ansi@9.0.0:
    dependencies:
      ansi-styles: 6.2.1
      string-width: 7.2.0
      strip-ansi: 7.1.0

  xdg-basedir@5.1.0: {}
